
Microsoft Visual Studio Solution File, Format Version 12.00
# Visual Studio 15
VisualStudioVersion = 15.0.27703.2026
MinimumVisualStudioVersion = 10.0.40219.1
Project("{FAE04EC0-301F-11D3-BF4B-00C04F79EFBC}") = "Redesigner", "Redesigner\Redesigner.csproj", "{47B658B3-0C67-475E-8333-949D4FCE5747}"
EndProject
Global
	GlobalSection(SolutionConfigurationPlatforms) = preSolution
		Debug|Any CPU = Debug|Any CPU
		Release|Any CPU = Release|Any CPU
	EndGlobalSection
	GlobalSection(ProjectConfigurationPlatforms) = postSolution
		{47B658B3-0C67-475E-8333-949D4FCE5747}.Debug|Any CPU.ActiveCfg = Debug|Any CPU
		{47B658B3-0C67-475E-8333-949D4FCE5747}.Debug|Any CPU.Build.0 = Debug|Any CPU
		{47B658B3-0C67-475E-8333-949D4FCE5747}.Release|Any CPU.ActiveCfg = Release|Any CPU
		{47B658B3-0C67-475E-8333-949D4FCE5747}.Release|Any CPU.Build.0 = Release|Any CPU
	EndGlobalSection
	GlobalSection(SolutionProperties) = preSolution
		HideSolutionNode = FALSE
	EndGlobalSection
	GlobalSection(ExtensibilityGlobals) = postSolution
		SolutionGuid = {809D6481-E506-4E1A-BEDF-38FAD96B8E47}
	EndGlobalSection
EndGlobal
